// !$*UTF8*$!
{
	archiveVersion = 1;
	classes = {
	};
	objectVersion = 51;
	objects = {

/* Begin PBXBuildFile section */
		1F35AD5F230E074F000535F5 /* OTP.swift in Sources */ = {isa = PBXBuildFile; fileRef = 1FE4D890230DE02700701EB8 /* OTP.swift */; };
		1F35AD63230E1C8A000535F5 /* OTPLoader.swift in Sources */ = {isa = PBXBuildFile; fileRef = 1F35AD62230E1C8A000535F5 /* OTPLoader.swift */; };
		1F35AD64230E1D5D000535F5 /* OTPLoader.swift in Sources */ = {isa = PBXBuildFile; fileRef = 1F35AD62230E1C8A000535F5 /* OTPLoader.swift */; };
		1F35AD69230F8DC1000535F5 /* OTPTableViewController.swift in Sources */ = {isa = PBXBuildFile; fileRef = 1F35AD68230F8DC1000535F5 /* OTPTableViewController.swift */; };
		1F35AD732310BB23000535F5 /* ScannerViewController.swift in Sources */ = {isa = PBXBuildFile; fileRef = 1F35AD712310BB23000535F5 /* ScannerViewController.swift */; };
		1F35AD752310BB23000535F5 /* OTPTableViewCell.swift in Sources */ = {isa = PBXBuildFile; fileRef = 1F35AD722310BB23000535F5 /* OTPTableViewCell.swift */; };
		1F35AD762310BB23000535F5 /* OTPTableViewCell.swift in Sources */ = {isa = PBXBuildFile; fileRef = 1F35AD722310BB23000535F5 /* OTPTableViewCell.swift */; };
		1F8161F6230DB6DE00DF9578 /* AppDelegate.swift in Sources */ = {isa = PBXBuildFile; fileRef = 1F8161F5230DB6DE00DF9578 /* AppDelegate.swift */; };
		1F8161FB230DB6DE00DF9578 /* Main.storyboard in Resources */ = {isa = PBXBuildFile; fileRef = 1F8161F9230DB6DE00DF9578 /* Main.storyboard */; };
		1F8161FD230DB6DF00DF9578 /* Assets.xcassets in Resources */ = {isa = PBXBuildFile; fileRef = 1F8161FC230DB6DF00DF9578 /* Assets.xcassets */; };
		1F816200230DB6DF00DF9578 /* LaunchScreen.storyboard in Resources */ = {isa = PBXBuildFile; fileRef = 1F8161FE230DB6DF00DF9578 /* LaunchScreen.storyboard */; };
		1F81620B230DB6DF00DF9578 /* JOTATests.swift in Sources */ = {isa = PBXBuildFile; fileRef = 1F81620A230DB6DF00DF9578 /* JOTATests.swift */; };
		1F816216230DB6DF00DF9578 /* JOTAUITests.swift in Sources */ = {isa = PBXBuildFile; fileRef = 1F816215230DB6DF00DF9578 /* JOTAUITests.swift */; };
		1F81622A230DB89700DF9578 /* Media.xcassets in Resources */ = {isa = PBXBuildFile; fileRef = 1F816229230DB89700DF9578 /* Media.xcassets */; };
		1F81622C230DB89700DF9578 /* ActionViewController.swift in Sources */ = {isa = PBXBuildFile; fileRef = 1F81622B230DB89700DF9578 /* ActionViewController.swift */; };
		1F81622F230DB89700DF9578 /* MainInterface.storyboard in Resources */ = {isa = PBXBuildFile; fileRef = 1F81622D230DB89700DF9578 /* MainInterface.storyboard */; };
		1F816233230DB89700DF9578 /* OTPAutoFill.appex in Embed Foundation Extensions */ = {isa = PBXBuildFile; fileRef = 1F816227230DB89700DF9578 /* OTPAutoFill.appex */; settings = {ATTRIBUTES = (RemoveHeadersOnCopy, ); }; };
		1F816239230DBA3700DF9578 /* OTPAutoFill.js in Resources */ = {isa = PBXBuildFile; fileRef = 1F816238230DBA3700DF9578 /* OTPAutoFill.js */; };
		1FE4D891230DE02700701EB8 /* OTP.swift in Sources */ = {isa = PBXBuildFile; fileRef = 1FE4D890230DE02700701EB8 /* OTP.swift */; };
		4BA1C2BE256A6D783E373D89 /* Pods_OTPAutoFill.framework in Frameworks */ = {isa = PBXBuildFile; fileRef = 2BFE03E4DC62F56688C82627 /* Pods_OTPAutoFill.framework */; };
		6303D6A0F51E8DD8A682F027 /* Pods_JOTAUITests.framework in Frameworks */ = {isa = PBXBuildFile; fileRef = CD88D14E60F5B4DC6B49DC07 /* Pods_JOTAUITests.framework */; };
		661A97B96E6DB88C107E6EE2 /* Pods_JOTA.framework in Frameworks */ = {isa = PBXBuildFile; fileRef = 6B4CC6A538643CC117A7D912 /* Pods_JOTA.framework */; };
		8729C6E026C453B3006970C9 /* JOTA_macOSApp.swift in Sources */ = {isa = PBXBuildFile; fileRef = 8729C6DF26C453B3006970C9 /* JOTA_macOSApp.swift */; };
		8729C6E226C453B3006970C9 /* ContentView.swift in Sources */ = {isa = PBXBuildFile; fileRef = 8729C6E126C453B3006970C9 /* ContentView.swift */; };
		8729C6E426C453B4006970C9 /* Assets.xcassets in Resources */ = {isa = PBXBuildFile; fileRef = 8729C6E326C453B4006970C9 /* Assets.xcassets */; };
		8729C6E726C453B4006970C9 /* Preview Assets.xcassets in Resources */ = {isa = PBXBuildFile; fileRef = 8729C6E626C453B4006970C9 /* Preview Assets.xcassets */; };
		8729C6ED26C45698006970C9 /* OTP.swift in Sources */ = {isa = PBXBuildFile; fileRef = 1FE4D890230DE02700701EB8 /* OTP.swift */; };
		8729C6EE26C4569A006970C9 /* OTPLoader.swift in Sources */ = {isa = PBXBuildFile; fileRef = 1F35AD62230E1C8A000535F5 /* OTPLoader.swift */; };
		8F1A6273DCE126277CE7EAE2 /* Pods_JOTATests.framework in Frameworks */ = {isa = PBXBuildFile; fileRef = F1F668536B714F23A65C91BF /* Pods_JOTATests.framework */; };
		C5E2CF9BFBD098F1A19CE77E /* Pods_JOTA_macOS.framework in Frameworks */ = {isa = PBXBuildFile; fileRef = DB09DA95E4E57E643DB42FE4 /* Pods_JOTA_macOS.framework */; };
/* End PBXBuildFile section */

/* Begin PBXContainerItemProxy section */
		1F816207230DB6DF00DF9578 /* PBXContainerItemProxy */ = {
			isa = PBXContainerItemProxy;
			containerPortal = 1F8161EA230DB6DE00DF9578 /* Project object */;
			proxyType = 1;
			remoteGlobalIDString = 1F8161F1230DB6DE00DF9578;
			remoteInfo = ya2FA;
		};
		1F816212230DB6DF00DF9578 /* PBXContainerItemProxy */ = {
			isa = PBXContainerItemProxy;
			containerPortal = 1F8161EA230DB6DE00DF9578 /* Project object */;
			proxyType = 1;
			remoteGlobalIDString = 1F8161F1230DB6DE00DF9578;
			remoteInfo = ya2FA;
		};
		1F816231230DB89700DF9578 /* PBXContainerItemProxy */ = {
			isa = PBXContainerItemProxy;
			containerPortal = 1F8161EA230DB6DE00DF9578 /* Project object */;
			proxyType = 1;
			remoteGlobalIDString = 1F816226230DB89700DF9578;
			remoteInfo = OTPAutoFill;
		};
/* End PBXContainerItemProxy section */

/* Begin PBXCopyFilesBuildPhase section */
		1F816237230DB89700DF9578 /* Embed Foundation Extensions */ = {
			isa = PBXCopyFilesBuildPhase;
			buildActionMask = 2147483647;
			dstPath = "";
			dstSubfolderSpec = 13;
			files = (
				1F816233230DB89700DF9578 /* OTPAutoFill.appex in Embed Foundation Extensions */,
			);
			name = "Embed Foundation Extensions";
			runOnlyForDeploymentPostprocessing = 0;
		};
/* End PBXCopyFilesBuildPhase section */

/* Begin PBXFileReference section */
		05B0B1A756D6772FB4AACB0F /* Pods-JOTA-macOS.debug.xcconfig */ = {isa = PBXFileReference; includeInIndex = 1; lastKnownFileType = text.xcconfig; name = "Pods-JOTA-macOS.debug.xcconfig"; path = "Target Support Files/Pods-JOTA-macOS/Pods-JOTA-macOS.debug.xcconfig"; sourceTree = "<group>"; };
		084EDF0844096FB670C4283E /* Pods-OTPAutoFill.release.xcconfig */ = {isa = PBXFileReference; includeInIndex = 1; lastKnownFileType = text.xcconfig; name = "Pods-OTPAutoFill.release.xcconfig"; path = "Target Support Files/Pods-OTPAutoFill/Pods-OTPAutoFill.release.xcconfig"; sourceTree = "<group>"; };
		0F9F6EE399A790CB4D47F20A /* Pods-JOTA.release.xcconfig */ = {isa = PBXFileReference; includeInIndex = 1; lastKnownFileType = text.xcconfig; name = "Pods-JOTA.release.xcconfig"; path = "Target Support Files/Pods-JOTA/Pods-JOTA.release.xcconfig"; sourceTree = "<group>"; };
		1F35AD60230E100C000535F5 /* OTPAutoFill.entitlements */ = {isa = PBXFileReference; lastKnownFileType = text.plist.entitlements; path = OTPAutoFill.entitlements; sourceTree = "<group>"; };
		1F35AD61230E102B000535F5 /* JOTA.entitlements */ = {isa = PBXFileReference; lastKnownFileType = text.plist.entitlements; path = JOTA.entitlements; sourceTree = "<group>"; };
		1F35AD62230E1C8A000535F5 /* OTPLoader.swift */ = {isa = PBXFileReference; lastKnownFileType = sourcecode.swift; path = OTPLoader.swift; sourceTree = "<group>"; };
		1F35AD68230F8DC1000535F5 /* OTPTableViewController.swift */ = {isa = PBXFileReference; lastKnownFileType = sourcecode.swift; path = OTPTableViewController.swift; sourceTree = "<group>"; };
		1F35AD712310BB23000535F5 /* ScannerViewController.swift */ = {isa = PBXFileReference; fileEncoding = 4; lastKnownFileType = sourcecode.swift; path = ScannerViewController.swift; sourceTree = "<group>"; };
		1F35AD722310BB23000535F5 /* OTPTableViewCell.swift */ = {isa = PBXFileReference; fileEncoding = 4; lastKnownFileType = sourcecode.swift; path = OTPTableViewCell.swift; sourceTree = "<group>"; };
		1F8161F2230DB6DE00DF9578 /* JOTA.app */ = {isa = PBXFileReference; explicitFileType = wrapper.application; includeInIndex = 0; path = JOTA.app; sourceTree = BUILT_PRODUCTS_DIR; };
		1F8161F5230DB6DE00DF9578 /* AppDelegate.swift */ = {isa = PBXFileReference; lastKnownFileType = sourcecode.swift; path = AppDelegate.swift; sourceTree = "<group>"; };
		1F8161FA230DB6DE00DF9578 /* Base */ = {isa = PBXFileReference; lastKnownFileType = file.storyboard; name = Base; path = Base.lproj/Main.storyboard; sourceTree = "<group>"; };
		1F8161FC230DB6DF00DF9578 /* Assets.xcassets */ = {isa = PBXFileReference; lastKnownFileType = folder.assetcatalog; path = Assets.xcassets; sourceTree = "<group>"; };
		1F8161FF230DB6DF00DF9578 /* Base */ = {isa = PBXFileReference; lastKnownFileType = file.storyboard; name = Base; path = Base.lproj/LaunchScreen.storyboard; sourceTree = "<group>"; };
		1F816201230DB6DF00DF9578 /* Info.plist */ = {isa = PBXFileReference; lastKnownFileType = text.plist.xml; path = Info.plist; sourceTree = "<group>"; };
		1F816206230DB6DF00DF9578 /* JOTATests.xctest */ = {isa = PBXFileReference; explicitFileType = wrapper.cfbundle; includeInIndex = 0; path = JOTATests.xctest; sourceTree = BUILT_PRODUCTS_DIR; };
		1F81620A230DB6DF00DF9578 /* JOTATests.swift */ = {isa = PBXFileReference; lastKnownFileType = sourcecode.swift; path = JOTATests.swift; sourceTree = "<group>"; };
		1F81620C230DB6DF00DF9578 /* Info.plist */ = {isa = PBXFileReference; lastKnownFileType = text.plist.xml; path = Info.plist; sourceTree = "<group>"; };
		1F816211230DB6DF00DF9578 /* JOTAUITests.xctest */ = {isa = PBXFileReference; explicitFileType = wrapper.cfbundle; includeInIndex = 0; path = JOTAUITests.xctest; sourceTree = BUILT_PRODUCTS_DIR; };
		1F816215230DB6DF00DF9578 /* JOTAUITests.swift */ = {isa = PBXFileReference; lastKnownFileType = sourcecode.swift; path = JOTAUITests.swift; sourceTree = "<group>"; };
		1F816217230DB6DF00DF9578 /* Info.plist */ = {isa = PBXFileReference; lastKnownFileType = text.plist.xml; path = Info.plist; sourceTree = "<group>"; };
		1F816227230DB89700DF9578 /* OTPAutoFill.appex */ = {isa = PBXFileReference; explicitFileType = "wrapper.app-extension"; includeInIndex = 0; path = OTPAutoFill.appex; sourceTree = BUILT_PRODUCTS_DIR; };
		1F816229230DB89700DF9578 /* Media.xcassets */ = {isa = PBXFileReference; lastKnownFileType = folder.assetcatalog; path = Media.xcassets; sourceTree = "<group>"; };
		1F81622B230DB89700DF9578 /* ActionViewController.swift */ = {isa = PBXFileReference; lastKnownFileType = sourcecode.swift; path = ActionViewController.swift; sourceTree = "<group>"; };
		1F81622E230DB89700DF9578 /* Base */ = {isa = PBXFileReference; lastKnownFileType = file.storyboard; name = Base; path = Base.lproj/MainInterface.storyboard; sourceTree = "<group>"; };
		1F816230230DB89700DF9578 /* Info.plist */ = {isa = PBXFileReference; lastKnownFileType = text.plist.xml; path = Info.plist; sourceTree = "<group>"; };
		1F816238230DBA3700DF9578 /* OTPAutoFill.js */ = {isa = PBXFileReference; lastKnownFileType = sourcecode.javascript; path = OTPAutoFill.js; sourceTree = "<group>"; };
		1FE4D890230DE02700701EB8 /* OTP.swift */ = {isa = PBXFileReference; lastKnownFileType = sourcecode.swift; path = OTP.swift; sourceTree = "<group>"; };
		2BFE03E4DC62F56688C82627 /* Pods_OTPAutoFill.framework */ = {isa = PBXFileReference; explicitFileType = wrapper.framework; includeInIndex = 0; path = Pods_OTPAutoFill.framework; sourceTree = BUILT_PRODUCTS_DIR; };
		4362760D270A0CB32B351DAA /* Pods-JOTA-macOS.release.xcconfig */ = {isa = PBXFileReference; includeInIndex = 1; lastKnownFileType = text.xcconfig; name = "Pods-JOTA-macOS.release.xcconfig"; path = "Target Support Files/Pods-JOTA-macOS/Pods-JOTA-macOS.release.xcconfig"; sourceTree = "<group>"; };
		57FDC54AA351157D630A5297 /* Pods-JOTAUITests.release.xcconfig */ = {isa = PBXFileReference; includeInIndex = 1; lastKnownFileType = text.xcconfig; name = "Pods-JOTAUITests.release.xcconfig"; path = "Target Support Files/Pods-JOTAUITests/Pods-JOTAUITests.release.xcconfig"; sourceTree = "<group>"; };
		6B4CC6A538643CC117A7D912 /* Pods_JOTA.framework */ = {isa = PBXFileReference; explicitFileType = wrapper.framework; includeInIndex = 0; path = Pods_JOTA.framework; sourceTree = BUILT_PRODUCTS_DIR; };
		6E1E5C8688F9AC32989C3895 /* Pods-ya2FATests.release.xcconfig */ = {isa = PBXFileReference; includeInIndex = 1; lastKnownFileType = text.xcconfig; name = "Pods-ya2FATests.release.xcconfig"; path = "Target Support Files/Pods-ya2FATests/Pods-ya2FATests.release.xcconfig"; sourceTree = "<group>"; };
		6FBA3ED8305AEDECBC1E4DCA /* Pods-OTPAutoFill.debug.xcconfig */ = {isa = PBXFileReference; includeInIndex = 1; lastKnownFileType = text.xcconfig; name = "Pods-OTPAutoFill.debug.xcconfig"; path = "Target Support Files/Pods-OTPAutoFill/Pods-OTPAutoFill.debug.xcconfig"; sourceTree = "<group>"; };
		72B419E1C141FAE759EB5AD6 /* Pods-ya2FA.debug.xcconfig */ = {isa = PBXFileReference; includeInIndex = 1; lastKnownFileType = text.xcconfig; name = "Pods-ya2FA.debug.xcconfig"; path = "Target Support Files/Pods-ya2FA/Pods-ya2FA.debug.xcconfig"; sourceTree = "<group>"; };
		85DCCC2B70CB7281B43E0F5F /* Pods-ya2FATests.debug.xcconfig */ = {isa = PBXFileReference; includeInIndex = 1; lastKnownFileType = text.xcconfig; name = "Pods-ya2FATests.debug.xcconfig"; path = "Target Support Files/Pods-ya2FATests/Pods-ya2FATests.debug.xcconfig"; sourceTree = "<group>"; };
		8729C6DD26C453B3006970C9 /* JOTA-macOS.app */ = {isa = PBXFileReference; explicitFileType = wrapper.application; includeInIndex = 0; path = "JOTA-macOS.app"; sourceTree = BUILT_PRODUCTS_DIR; };
		8729C6DF26C453B3006970C9 /* JOTA_macOSApp.swift */ = {isa = PBXFileReference; lastKnownFileType = sourcecode.swift; path = JOTA_macOSApp.swift; sourceTree = "<group>"; };
		8729C6E126C453B3006970C9 /* ContentView.swift */ = {isa = PBXFileReference; lastKnownFileType = sourcecode.swift; path = ContentView.swift; sourceTree = "<group>"; };
		8729C6E326C453B4006970C9 /* Assets.xcassets */ = {isa = PBXFileReference; lastKnownFileType = folder.assetcatalog; path = Assets.xcassets; sourceTree = "<group>"; };
		8729C6E626C453B4006970C9 /* Preview Assets.xcassets */ = {isa = PBXFileReference; lastKnownFileType = folder.assetcatalog; path = "Preview Assets.xcassets"; sourceTree = "<group>"; };
		8729C6E826C453B4006970C9 /* Info.plist */ = {isa = PBXFileReference; lastKnownFileType = text.plist.xml; path = Info.plist; sourceTree = "<group>"; };
		8729C6E926C453B4006970C9 /* JOTA_macOS.entitlements */ = {isa = PBXFileReference; lastKnownFileType = text.plist.entitlements; path = JOTA_macOS.entitlements; sourceTree = "<group>"; };
		A7BC6DD5E03A8B7D4CB47029 /* Pods-ya2FAUITests.debug.xcconfig */ = {isa = PBXFileReference; includeInIndex = 1; lastKnownFileType = text.xcconfig; name = "Pods-ya2FAUITests.debug.xcconfig"; path = "Target Support Files/Pods-ya2FAUITests/Pods-ya2FAUITests.debug.xcconfig"; sourceTree = "<group>"; };
		AB33F0A814D2649C8073F793 /* Pods-JOTATests.debug.xcconfig */ = {isa = PBXFileReference; includeInIndex = 1; lastKnownFileType = text.xcconfig; name = "Pods-JOTATests.debug.xcconfig"; path = "Target Support Files/Pods-JOTATests/Pods-JOTATests.debug.xcconfig"; sourceTree = "<group>"; };
		AF66DF6161D92D796B02BE1E /* Pods-JOTAUITests.debug.xcconfig */ = {isa = PBXFileReference; includeInIndex = 1; lastKnownFileType = text.xcconfig; name = "Pods-JOTAUITests.debug.xcconfig"; path = "Target Support Files/Pods-JOTAUITests/Pods-JOTAUITests.debug.xcconfig"; sourceTree = "<group>"; };
		B2AAA3A3395CF0372E54CA1B /* Pods-JOTA.debug.xcconfig */ = {isa = PBXFileReference; includeInIndex = 1; lastKnownFileType = text.xcconfig; name = "Pods-JOTA.debug.xcconfig"; path = "Target Support Files/Pods-JOTA/Pods-JOTA.debug.xcconfig"; sourceTree = "<group>"; };
		B39BA2345BAB38B25A3CB78E /* Pods-JOTATests.release.xcconfig */ = {isa = PBXFileReference; includeInIndex = 1; lastKnownFileType = text.xcconfig; name = "Pods-JOTATests.release.xcconfig"; path = "Target Support Files/Pods-JOTATests/Pods-JOTATests.release.xcconfig"; sourceTree = "<group>"; };
		CD88D14E60F5B4DC6B49DC07 /* Pods_JOTAUITests.framework */ = {isa = PBXFileReference; explicitFileType = wrapper.framework; includeInIndex = 0; path = Pods_JOTAUITests.framework; sourceTree = BUILT_PRODUCTS_DIR; };
		DB09DA95E4E57E643DB42FE4 /* Pods_JOTA_macOS.framework */ = {isa = PBXFileReference; explicitFileType = wrapper.framework; includeInIndex = 0; path = Pods_JOTA_macOS.framework; sourceTree = BUILT_PRODUCTS_DIR; };
		DE8066916819827C8DA9A15D /* Pods-ya2FAUITests.release.xcconfig */ = {isa = PBXFileReference; includeInIndex = 1; lastKnownFileType = text.xcconfig; name = "Pods-ya2FAUITests.release.xcconfig"; path = "Target Support Files/Pods-ya2FAUITests/Pods-ya2FAUITests.release.xcconfig"; sourceTree = "<group>"; };
		F1F668536B714F23A65C91BF /* Pods_JOTATests.framework */ = {isa = PBXFileReference; explicitFileType = wrapper.framework; includeInIndex = 0; path = Pods_JOTATests.framework; sourceTree = BUILT_PRODUCTS_DIR; };
		F9E144DEDB671793E071BE8E /* Pods-ya2FA.release.xcconfig */ = {isa = PBXFileReference; includeInIndex = 1; lastKnownFileType = text.xcconfig; name = "Pods-ya2FA.release.xcconfig"; path = "Target Support Files/Pods-ya2FA/Pods-ya2FA.release.xcconfig"; sourceTree = "<group>"; };
/* End PBXFileReference section */

/* Begin PBXFrameworksBuildPhase section */
		1F8161EF230DB6DE00DF9578 /* Frameworks */ = {
			isa = PBXFrameworksBuildPhase;
			buildActionMask = 2147483647;
			files = (
				661A97B96E6DB88C107E6EE2 /* Pods_JOTA.framework in Frameworks */,
			);
			runOnlyForDeploymentPostprocessing = 0;
		};
		1F816203230DB6DF00DF9578 /* Frameworks */ = {
			isa = PBXFrameworksBuildPhase;
			buildActionMask = 2147483647;
			files = (
				8F1A6273DCE126277CE7EAE2 /* Pods_JOTATests.framework in Frameworks */,
			);
			runOnlyForDeploymentPostprocessing = 0;
		};
		1F81620E230DB6DF00DF9578 /* Frameworks */ = {
			isa = PBXFrameworksBuildPhase;
			buildActionMask = 2147483647;
			files = (
				6303D6A0F51E8DD8A682F027 /* Pods_JOTAUITests.framework in Frameworks */,
			);
			runOnlyForDeploymentPostprocessing = 0;
		};
		1F816224230DB89700DF9578 /* Frameworks */ = {
			isa = PBXFrameworksBuildPhase;
			buildActionMask = 2147483647;
			files = (
				4BA1C2BE256A6D783E373D89 /* Pods_OTPAutoFill.framework in Frameworks */,
			);
			runOnlyForDeploymentPostprocessing = 0;
		};
		8729C6DA26C453B3006970C9 /* Frameworks */ = {
			isa = PBXFrameworksBuildPhase;
			buildActionMask = 2147483647;
			files = (
				C5E2CF9BFBD098F1A19CE77E /* Pods_JOTA_macOS.framework in Frameworks */,
			);
			runOnlyForDeploymentPostprocessing = 0;
		};
/* End PBXFrameworksBuildPhase section */

/* Begin PBXGroup section */
		1F8161E9230DB6DE00DF9578 = {
			isa = PBXGroup;
			children = (
				1F8161F4230DB6DE00DF9578 /* JOTA */,
				1F816209230DB6DF00DF9578 /* JOTATests */,
				1F816214230DB6DF00DF9578 /* JOTAUITests */,
				1F816228230DB89700DF9578 /* OTPAutoFill */,
				8729C6DE26C453B3006970C9 /* JOTA-macOS */,
				1F8161F3230DB6DE00DF9578 /* Products */,
				808477CBB01654BB26ED8006 /* Pods */,
				A0B13C8EE61F1320319FBB8D /* Frameworks */,
			);
			sourceTree = "<group>";
		};
		1F8161F3230DB6DE00DF9578 /* Products */ = {
			isa = PBXGroup;
			children = (
				1F8161F2230DB6DE00DF9578 /* JOTA.app */,
				1F816206230DB6DF00DF9578 /* JOTATests.xctest */,
				1F816211230DB6DF00DF9578 /* JOTAUITests.xctest */,
				1F816227230DB89700DF9578 /* OTPAutoFill.appex */,
				8729C6DD26C453B3006970C9 /* JOTA-macOS.app */,
			);
			name = Products;
			sourceTree = "<group>";
		};
		1F8161F4230DB6DE00DF9578 /* JOTA */ = {
			isa = PBXGroup;
			children = (
				1F35AD722310BB23000535F5 /* OTPTableViewCell.swift */,
				1F35AD712310BB23000535F5 /* ScannerViewController.swift */,
				1F35AD61230E102B000535F5 /* JOTA.entitlements */,
				1F8161F5230DB6DE00DF9578 /* AppDelegate.swift */,
				1F8161F9230DB6DE00DF9578 /* Main.storyboard */,
				1F8161FC230DB6DF00DF9578 /* Assets.xcassets */,
				1F8161FE230DB6DF00DF9578 /* LaunchScreen.storyboard */,
				1F816201230DB6DF00DF9578 /* Info.plist */,
				1FE4D890230DE02700701EB8 /* OTP.swift */,
				1F35AD62230E1C8A000535F5 /* OTPLoader.swift */,
				1F35AD68230F8DC1000535F5 /* OTPTableViewController.swift */,
			);
			path = JOTA;
			sourceTree = "<group>";
		};
		1F816209230DB6DF00DF9578 /* JOTATests */ = {
			isa = PBXGroup;
			children = (
				1F81620A230DB6DF00DF9578 /* JOTATests.swift */,
				1F81620C230DB6DF00DF9578 /* Info.plist */,
			);
			path = JOTATests;
			sourceTree = "<group>";
		};
		1F816214230DB6DF00DF9578 /* JOTAUITests */ = {
			isa = PBXGroup;
			children = (
				1F816215230DB6DF00DF9578 /* JOTAUITests.swift */,
				1F816217230DB6DF00DF9578 /* Info.plist */,
			);
			path = JOTAUITests;
			sourceTree = "<group>";
		};
		1F816228230DB89700DF9578 /* OTPAutoFill */ = {
			isa = PBXGroup;
			children = (
				1F35AD60230E100C000535F5 /* OTPAutoFill.entitlements */,
				1F816229230DB89700DF9578 /* Media.xcassets */,
				1F81622B230DB89700DF9578 /* ActionViewController.swift */,
				1F81622D230DB89700DF9578 /* MainInterface.storyboard */,
				1F816230230DB89700DF9578 /* Info.plist */,
				1F816238230DBA3700DF9578 /* OTPAutoFill.js */,
			);
			path = OTPAutoFill;
			sourceTree = "<group>";
		};
		808477CBB01654BB26ED8006 /* Pods */ = {
			isa = PBXGroup;
			children = (
				72B419E1C141FAE759EB5AD6 /* Pods-ya2FA.debug.xcconfig */,
				F9E144DEDB671793E071BE8E /* Pods-ya2FA.release.xcconfig */,
				6FBA3ED8305AEDECBC1E4DCA /* Pods-OTPAutoFill.debug.xcconfig */,
				084EDF0844096FB670C4283E /* Pods-OTPAutoFill.release.xcconfig */,
				85DCCC2B70CB7281B43E0F5F /* Pods-ya2FATests.debug.xcconfig */,
				6E1E5C8688F9AC32989C3895 /* Pods-ya2FATests.release.xcconfig */,
				A7BC6DD5E03A8B7D4CB47029 /* Pods-ya2FAUITests.debug.xcconfig */,
				DE8066916819827C8DA9A15D /* Pods-ya2FAUITests.release.xcconfig */,
				B2AAA3A3395CF0372E54CA1B /* Pods-JOTA.debug.xcconfig */,
				0F9F6EE399A790CB4D47F20A /* Pods-JOTA.release.xcconfig */,
				AB33F0A814D2649C8073F793 /* Pods-JOTATests.debug.xcconfig */,
				B39BA2345BAB38B25A3CB78E /* Pods-JOTATests.release.xcconfig */,
				AF66DF6161D92D796B02BE1E /* Pods-JOTAUITests.debug.xcconfig */,
				57FDC54AA351157D630A5297 /* Pods-JOTAUITests.release.xcconfig */,
				05B0B1A756D6772FB4AACB0F /* Pods-JOTA-macOS.debug.xcconfig */,
				4362760D270A0CB32B351DAA /* Pods-JOTA-macOS.release.xcconfig */,
			);
			path = Pods;
			sourceTree = "<group>";
		};
		8729C6DE26C453B3006970C9 /* JOTA-macOS */ = {
			isa = PBXGroup;
			children = (
				8729C6DF26C453B3006970C9 /* JOTA_macOSApp.swift */,
				8729C6E126C453B3006970C9 /* ContentView.swift */,
				8729C6E326C453B4006970C9 /* Assets.xcassets */,
				8729C6E826C453B4006970C9 /* Info.plist */,
				8729C6E926C453B4006970C9 /* JOTA_macOS.entitlements */,
				8729C6E526C453B4006970C9 /* Preview Content */,
			);
			path = "JOTA-macOS";
			sourceTree = "<group>";
		};
		8729C6E526C453B4006970C9 /* Preview Content */ = {
			isa = PBXGroup;
			children = (
				8729C6E626C453B4006970C9 /* Preview Assets.xcassets */,
			);
			path = "Preview Content";
			sourceTree = "<group>";
		};
		A0B13C8EE61F1320319FBB8D /* Frameworks */ = {
			isa = PBXGroup;
			children = (
				2BFE03E4DC62F56688C82627 /* Pods_OTPAutoFill.framework */,
				6B4CC6A538643CC117A7D912 /* Pods_JOTA.framework */,
				F1F668536B714F23A65C91BF /* Pods_JOTATests.framework */,
				CD88D14E60F5B4DC6B49DC07 /* Pods_JOTAUITests.framework */,
				DB09DA95E4E57E643DB42FE4 /* Pods_JOTA_macOS.framework */,
			);
			name = Frameworks;
			sourceTree = "<group>";
		};
/* End PBXGroup section */

/* Begin PBXNativeTarget section */
		1F8161F1230DB6DE00DF9578 /* JOTA */ = {
			isa = PBXNativeTarget;
			buildConfigurationList = 1F81621A230DB6DF00DF9578 /* Build configuration list for PBXNativeTarget "JOTA" */;
			buildPhases = (
				3C58C8930D5D0D85026B0847 /* [CP] Check Pods Manifest.lock */,
				1F8161EE230DB6DE00DF9578 /* Sources */,
				1F8161EF230DB6DE00DF9578 /* Frameworks */,
				1F8161F0230DB6DE00DF9578 /* Resources */,
				1F816237230DB89700DF9578 /* Embed Foundation Extensions */,
				71171FCFDB00860CFB23B69F /* [CP] Embed Pods Frameworks */,
			);
			buildRules = (
			);
			dependencies = (
				1F816232230DB89700DF9578 /* PBXTargetDependency */,
			);
			name = JOTA;
			productName = ya2FA;
			productReference = 1F8161F2230DB6DE00DF9578 /* JOTA.app */;
			productType = "com.apple.product-type.application";
		};
		1F816205230DB6DF00DF9578 /* JOTATests */ = {
			isa = PBXNativeTarget;
			buildConfigurationList = 1F81621D230DB6DF00DF9578 /* Build configuration list for PBXNativeTarget "JOTATests" */;
			buildPhases = (
				9100B2E0F1C69A66F01712E3 /* [CP] Check Pods Manifest.lock */,
				1F816202230DB6DF00DF9578 /* Sources */,
				1F816203230DB6DF00DF9578 /* Frameworks */,
				1F816204230DB6DF00DF9578 /* Resources */,
			);
			buildRules = (
			);
			dependencies = (
				1F816208230DB6DF00DF9578 /* PBXTargetDependency */,
			);
			name = JOTATests;
			productName = ya2FATests;
			productReference = 1F816206230DB6DF00DF9578 /* JOTATests.xctest */;
			productType = "com.apple.product-type.bundle.unit-test";
		};
		1F816210230DB6DF00DF9578 /* JOTAUITests */ = {
			isa = PBXNativeTarget;
			buildConfigurationList = 1F816220230DB6DF00DF9578 /* Build configuration list for PBXNativeTarget "JOTAUITests" */;
			buildPhases = (
				995F0B946A8F50D73BD8F980 /* [CP] Check Pods Manifest.lock */,
				1F81620D230DB6DF00DF9578 /* Sources */,
				1F81620E230DB6DF00DF9578 /* Frameworks */,
				1F81620F230DB6DF00DF9578 /* Resources */,
			);
			buildRules = (
			);
			dependencies = (
				1F816213230DB6DF00DF9578 /* PBXTargetDependency */,
			);
			name = JOTAUITests;
			productName = ya2FAUITests;
			productReference = 1F816211230DB6DF00DF9578 /* JOTAUITests.xctest */;
			productType = "com.apple.product-type.bundle.ui-testing";
		};
		1F816226230DB89700DF9578 /* OTPAutoFill */ = {
			isa = PBXNativeTarget;
			buildConfigurationList = 1F816234230DB89700DF9578 /* Build configuration list for PBXNativeTarget "OTPAutoFill" */;
			buildPhases = (
				0983190234C4FA2687125783 /* [CP] Check Pods Manifest.lock */,
				1F816223230DB89700DF9578 /* Sources */,
				1F816224230DB89700DF9578 /* Frameworks */,
				1F816225230DB89700DF9578 /* Resources */,
			);
			buildRules = (
			);
			dependencies = (
			);
			name = OTPAutoFill;
			productName = OTPAutoFill;
			productReference = 1F816227230DB89700DF9578 /* OTPAutoFill.appex */;
			productType = "com.apple.product-type.app-extension";
		};
		8729C6DC26C453B3006970C9 /* JOTA-macOS */ = {
			isa = PBXNativeTarget;
			buildConfigurationList = 8729C6EA26C453B4006970C9 /* Build configuration list for PBXNativeTarget "JOTA-macOS" */;
			buildPhases = (
				599A04689F8FB25830141BF8 /* [CP] Check Pods Manifest.lock */,
				8729C6D926C453B3006970C9 /* Sources */,
				8729C6DA26C453B3006970C9 /* Frameworks */,
				8729C6DB26C453B3006970C9 /* Resources */,
				5FB8AE173324E40BDEE5AC4F /* [CP] Embed Pods Frameworks */,
			);
			buildRules = (
			);
			dependencies = (
			);
			name = "JOTA-macOS";
			productName = "JOTA-macOS";
			productReference = 8729C6DD26C453B3006970C9 /* JOTA-macOS.app */;
			productType = "com.apple.product-type.application";
		};
/* End PBXNativeTarget section */

/* Begin PBXProject section */
		1F8161EA230DB6DE00DF9578 /* Project object */ = {
			isa = PBXProject;
			attributes = {
				LastSwiftUpdateCheck = 1250;
				LastUpgradeCheck = 1420;
				ORGANIZATIONNAME = "Jeff Chen";
				TargetAttributes = {
					1F8161F1230DB6DE00DF9578 = {
						CreatedOnToolsVersion = 10.1;
						LastSwiftMigration = 1030;
						SystemCapabilities = {
							com.apple.ApplicationGroups.iOS = {
								enabled = 1;
							};
						};
					};
					1F816205230DB6DF00DF9578 = {
						CreatedOnToolsVersion = 10.1;
						LastSwiftMigration = 1030;
						TestTargetID = 1F8161F1230DB6DE00DF9578;
					};
					1F816210230DB6DF00DF9578 = {
						CreatedOnToolsVersion = 10.1;
						LastSwiftMigration = 1030;
						TestTargetID = 1F8161F1230DB6DE00DF9578;
					};
					1F816226230DB89700DF9578 = {
						CreatedOnToolsVersion = 10.1;
						LastSwiftMigration = 1030;
						SystemCapabilities = {
							com.apple.ApplicationGroups.iOS = {
								enabled = 1;
							};
						};
					};
					8729C6DC26C453B3006970C9 = {
						CreatedOnToolsVersion = 12.5.1;
					};
				};
			};
			buildConfigurationList = 1F8161ED230DB6DE00DF9578 /* Build configuration list for PBXProject "JOTA" */;
			compatibilityVersion = "Xcode 9.3";
			developmentRegion = en;
			hasScannedForEncodings = 0;
			knownRegions = (
				en,
				Base,
			);
			mainGroup = 1F8161E9230DB6DE00DF9578;
			productRefGroup = 1F8161F3230DB6DE00DF9578 /* Products */;
			projectDirPath = "";
			projectRoot = "";
			targets = (
				1F8161F1230DB6DE00DF9578 /* JOTA */,
				1F816205230DB6DF00DF9578 /* JOTATests */,
				1F816210230DB6DF00DF9578 /* JOTAUITests */,
				1F816226230DB89700DF9578 /* OTPAutoFill */,
				8729C6DC26C453B3006970C9 /* JOTA-macOS */,
			);
		};
/* End PBXProject section */

/* Begin PBXResourcesBuildPhase section */
		1F8161F0230DB6DE00DF9578 /* Resources */ = {
			isa = PBXResourcesBuildPhase;
			buildActionMask = 2147483647;
			files = (
				1F816200230DB6DF00DF9578 /* LaunchScreen.storyboard in Resources */,
				1F8161FD230DB6DF00DF9578 /* Assets.xcassets in Resources */,
				1F8161FB230DB6DE00DF9578 /* Main.storyboard in Resources */,
			);
			runOnlyForDeploymentPostprocessing = 0;
		};
		1F816204230DB6DF00DF9578 /* Resources */ = {
			isa = PBXResourcesBuildPhase;
			buildActionMask = 2147483647;
			files = (
			);
			runOnlyForDeploymentPostprocessing = 0;
		};
		1F81620F230DB6DF00DF9578 /* Resources */ = {
			isa = PBXResourcesBuildPhase;
			buildActionMask = 2147483647;
			files = (
			);
			runOnlyForDeploymentPostprocessing = 0;
		};
		1F816225230DB89700DF9578 /* Resources */ = {
			isa = PBXResourcesBuildPhase;
			buildActionMask = 2147483647;
			files = (
				1F816239230DBA3700DF9578 /* OTPAutoFill.js in Resources */,
				1F81622A230DB89700DF9578 /* Media.xcassets in Resources */,
				1F81622F230DB89700DF9578 /* MainInterface.storyboard in Resources */,
			);
			runOnlyForDeploymentPostprocessing = 0;
		};
		8729C6DB26C453B3006970C9 /* Resources */ = {
			isa = PBXResourcesBuildPhase;
			buildActionMask = 2147483647;
			files = (
				8729C6E726C453B4006970C9 /* Preview Assets.xcassets in Resources */,
				8729C6E426C453B4006970C9 /* Assets.xcassets in Resources */,
			);
			runOnlyForDeploymentPostprocessing = 0;
		};
/* End PBXResourcesBuildPhase section */

/* Begin PBXShellScriptBuildPhase section */
		0983190234C4FA2687125783 /* [CP] Check Pods Manifest.lock */ = {
			isa = PBXShellScriptBuildPhase;
			buildActionMask = 2147483647;
			files = (
			);
			inputFileListPaths = (
			);
			inputPaths = (
				"${PODS_PODFILE_DIR_PATH}/Podfile.lock",
				"${PODS_ROOT}/Manifest.lock",
			);
			name = "[CP] Check Pods Manifest.lock";
			outputFileListPaths = (
			);
			outputPaths = (
				"$(DERIVED_FILE_DIR)/Pods-OTPAutoFill-checkManifestLockResult.txt",
			);
			runOnlyForDeploymentPostprocessing = 0;
			shellPath = /bin/sh;
			shellScript = "diff \"${PODS_PODFILE_DIR_PATH}/Podfile.lock\" \"${PODS_ROOT}/Manifest.lock\" > /dev/null\nif [ $? != 0 ] ; then\n    # print error to STDERR\n    echo \"error: The sandbox is not in sync with the Podfile.lock. Run 'pod install' or update your CocoaPods installation.\" >&2\n    exit 1\nfi\n# This output is used by Xcode 'outputs' to avoid re-running this script phase.\necho \"SUCCESS\" > \"${SCRIPT_OUTPUT_FILE_0}\"\n";
			showEnvVarsInLog = 0;
		};
		3C58C8930D5D0D85026B0847 /* [CP] Check Pods Manifest.lock */ = {
			isa = PBXShellScriptBuildPhase;
			buildActionMask = 2147483647;
			files = (
			);
			inputFileListPaths = (
			);
			inputPaths = (
				"${PODS_PODFILE_DIR_PATH}/Podfile.lock",
				"${PODS_ROOT}/Manifest.lock",
			);
			name = "[CP] Check Pods Manifest.lock";
			outputFileListPaths = (
			);
			outputPaths = (
				"$(DERIVED_FILE_DIR)/Pods-JOTA-checkManifestLockResult.txt",
			);
			runOnlyForDeploymentPostprocessing = 0;
			shellPath = /bin/sh;
			shellScript = "diff \"${PODS_PODFILE_DIR_PATH}/Podfile.lock\" \"${PODS_ROOT}/Manifest.lock\" > /dev/null\nif [ $? != 0 ] ; then\n    # print error to STDERR\n    echo \"error: The sandbox is not in sync with the Podfile.lock. Run 'pod install' or update your CocoaPods installation.\" >&2\n    exit 1\nfi\n# This output is used by Xcode 'outputs' to avoid re-running this script phase.\necho \"SUCCESS\" > \"${SCRIPT_OUTPUT_FILE_0}\"\n";
			showEnvVarsInLog = 0;
		};
		599A04689F8FB25830141BF8 /* [CP] Check Pods Manifest.lock */ = {
			isa = PBXShellScriptBuildPhase;
			buildActionMask = 2147483647;
			files = (
			);
			inputFileListPaths = (
			);
			inputPaths = (
				"${PODS_PODFILE_DIR_PATH}/Podfile.lock",
				"${PODS_ROOT}/Manifest.lock",
			);
			name = "[CP] Check Pods Manifest.lock";
			outputFileListPaths = (
			);
			outputPaths = (
				"$(DERIVED_FILE_DIR)/Pods-JOTA-macOS-checkManifestLockResult.txt",
			);
			runOnlyForDeploymentPostprocessing = 0;
			shellPath = /bin/sh;
			shellScript = "diff \"${PODS_PODFILE_DIR_PATH}/Podfile.lock\" \"${PODS_ROOT}/Manifest.lock\" > /dev/null\nif [ $? != 0 ] ; then\n    # print error to STDERR\n    echo \"error: The sandbox is not in sync with the Podfile.lock. Run 'pod install' or update your CocoaPods installation.\" >&2\n    exit 1\nfi\n# This output is used by Xcode 'outputs' to avoid re-running this script phase.\necho \"SUCCESS\" > \"${SCRIPT_OUTPUT_FILE_0}\"\n";
			showEnvVarsInLog = 0;
		};
		5FB8AE173324E40BDEE5AC4F /* [CP] Embed Pods Frameworks */ = {
			isa = PBXShellScriptBuildPhase;
			buildActionMask = 2147483647;
			files = (
			);
			inputFileListPaths = (
				"${PODS_ROOT}/Target Support Files/Pods-JOTA-macOS/Pods-JOTA-macOS-frameworks-${CONFIGURATION}-input-files.xcfilelist",
			);
			name = "[CP] Embed Pods Frameworks";
			outputFileListPaths = (
				"${PODS_ROOT}/Target Support Files/Pods-JOTA-macOS/Pods-JOTA-macOS-frameworks-${CONFIGURATION}-output-files.xcfilelist",
			);
			runOnlyForDeploymentPostprocessing = 0;
			shellPath = /bin/sh;
			shellScript = "\"${PODS_ROOT}/Target Support Files/Pods-JOTA-macOS/Pods-JOTA-macOS-frameworks.sh\"\n";
			showEnvVarsInLog = 0;
		};
		71171FCFDB00860CFB23B69F /* [CP] Embed Pods Frameworks */ = {
			isa = PBXShellScriptBuildPhase;
			buildActionMask = 2147483647;
			files = (
			);
			inputFileListPaths = (
				"${PODS_ROOT}/Target Support Files/Pods-JOTA/Pods-JOTA-frameworks-${CONFIGURATION}-input-files.xcfilelist",
			);
			name = "[CP] Embed Pods Frameworks";
			outputFileListPaths = (
				"${PODS_ROOT}/Target Support Files/Pods-JOTA/Pods-JOTA-frameworks-${CONFIGURATION}-output-files.xcfilelist",
			);
			runOnlyForDeploymentPostprocessing = 0;
			shellPath = /bin/sh;
			shellScript = "\"${PODS_ROOT}/Target Support Files/Pods-JOTA/Pods-JOTA-frameworks.sh\"\n";
			showEnvVarsInLog = 0;
		};
		9100B2E0F1C69A66F01712E3 /* [CP] Check Pods Manifest.lock */ = {
			isa = PBXShellScriptBuildPhase;
			buildActionMask = 2147483647;
			files = (
			);
			inputFileListPaths = (
			);
			inputPaths = (
				"${PODS_PODFILE_DIR_PATH}/Podfile.lock",
				"${PODS_ROOT}/Manifest.lock",
			);
			name = "[CP] Check Pods Manifest.lock";
			outputFileListPaths = (
			);
			outputPaths = (
				"$(DERIVED_FILE_DIR)/Pods-JOTATests-checkManifestLockResult.txt",
			);
			runOnlyForDeploymentPostprocessing = 0;
			shellPath = /bin/sh;
			shellScript = "diff \"${PODS_PODFILE_DIR_PATH}/Podfile.lock\" \"${PODS_ROOT}/Manifest.lock\" > /dev/null\nif [ $? != 0 ] ; then\n    # print error to STDERR\n    echo \"error: The sandbox is not in sync with the Podfile.lock. Run 'pod install' or update your CocoaPods installation.\" >&2\n    exit 1\nfi\n# This output is used by Xcode 'outputs' to avoid re-running this script phase.\necho \"SUCCESS\" > \"${SCRIPT_OUTPUT_FILE_0}\"\n";
			showEnvVarsInLog = 0;
		};
		995F0B946A8F50D73BD8F980 /* [CP] Check Pods Manifest.lock */ = {
			isa = PBXShellScriptBuildPhase;
			buildActionMask = 2147483647;
			files = (
			);
			inputFileListPaths = (
			);
			inputPaths = (
				"${PODS_PODFILE_DIR_PATH}/Podfile.lock",
				"${PODS_ROOT}/Manifest.lock",
			);
			name = "[CP] Check Pods Manifest.lock";
			outputFileListPaths = (
			);
			outputPaths = (
				"$(DERIVED_FILE_DIR)/Pods-JOTAUITests-checkManifestLockResult.txt",
			);
			runOnlyForDeploymentPostprocessing = 0;
			shellPath = /bin/sh;
			shellScript = "diff \"${PODS_PODFILE_DIR_PATH}/Podfile.lock\" \"${PODS_ROOT}/Manifest.lock\" > /dev/null\nif [ $? != 0 ] ; then\n    # print error to STDERR\n    echo \"error: The sandbox is not in sync with the Podfile.lock. Run 'pod install' or update your CocoaPods installation.\" >&2\n    exit 1\nfi\n# This output is used by Xcode 'outputs' to avoid re-running this script phase.\necho \"SUCCESS\" > \"${SCRIPT_OUTPUT_FILE_0}\"\n";
			showEnvVarsInLog = 0;
		};
/* End PBXShellScriptBuildPhase section */

/* Begin PBXSourcesBuildPhase section */
		1F8161EE230DB6DE00DF9578 /* Sources */ = {
			isa = PBXSourcesBuildPhase;
			buildActionMask = 2147483647;
			files = (
				1F35AD69230F8DC1000535F5 /* OTPTableViewController.swift in Sources */,
				1F35AD63230E1C8A000535F5 /* OTPLoader.swift in Sources */,
				1FE4D891230DE02700701EB8 /* OTP.swift in Sources */,
				1F35AD732310BB23000535F5 /* ScannerViewController.swift in Sources */,
				1F8161F6230DB6DE00DF9578 /* AppDelegate.swift in Sources */,
				1F35AD752310BB23000535F5 /* OTPTableViewCell.swift in Sources */,
			);
			runOnlyForDeploymentPostprocessing = 0;
		};
		1F816202230DB6DF00DF9578 /* Sources */ = {
			isa = PBXSourcesBuildPhase;
			buildActionMask = 2147483647;
			files = (
				1F81620B230DB6DF00DF9578 /* JOTATests.swift in Sources */,
			);
			runOnlyForDeploymentPostprocessing = 0;
		};
		1F81620D230DB6DF00DF9578 /* Sources */ = {
			isa = PBXSourcesBuildPhase;
			buildActionMask = 2147483647;
			files = (
				1F816216230DB6DF00DF9578 /* JOTAUITests.swift in Sources */,
			);
			runOnlyForDeploymentPostprocessing = 0;
		};
		1F816223230DB89700DF9578 /* Sources */ = {
			isa = PBXSourcesBuildPhase;
			buildActionMask = 2147483647;
			files = (
				1F35AD64230E1D5D000535F5 /* OTPLoader.swift in Sources */,
				1F35AD5F230E074F000535F5 /* OTP.swift in Sources */,
				1F81622C230DB89700DF9578 /* ActionViewController.swift in Sources */,
				1F35AD762310BB23000535F5 /* OTPTableViewCell.swift in Sources */,
			);
			runOnlyForDeploymentPostprocessing = 0;
		};
		8729C6D926C453B3006970C9 /* Sources */ = {
			isa = PBXSourcesBuildPhase;
			buildActionMask = 2147483647;
			files = (
				8729C6EE26C4569A006970C9 /* OTPLoader.swift in Sources */,
				8729C6ED26C45698006970C9 /* OTP.swift in Sources */,
				8729C6E226C453B3006970C9 /* ContentView.swift in Sources */,
				8729C6E026C453B3006970C9 /* JOTA_macOSApp.swift in Sources */,
			);
			runOnlyForDeploymentPostprocessing = 0;
		};
/* End PBXSourcesBuildPhase section */

/* Begin PBXTargetDependency section */
		1F816208230DB6DF00DF9578 /* PBXTargetDependency */ = {
			isa = PBXTargetDependency;
			target = 1F8161F1230DB6DE00DF9578 /* JOTA */;
			targetProxy = 1F816207230DB6DF00DF9578 /* PBXContainerItemProxy */;
		};
		1F816213230DB6DF00DF9578 /* PBXTargetDependency */ = {
			isa = PBXTargetDependency;
			target = 1F8161F1230DB6DE00DF9578 /* JOTA */;
			targetProxy = 1F816212230DB6DF00DF9578 /* PBXContainerItemProxy */;
		};
		1F816232230DB89700DF9578 /* PBXTargetDependency */ = {
			isa = PBXTargetDependency;
			target = 1F816226230DB89700DF9578 /* OTPAutoFill */;
			targetProxy = 1F816231230DB89700DF9578 /* PBXContainerItemProxy */;
		};
/* End PBXTargetDependency section */

/* Begin PBXVariantGroup section */
		1F8161F9230DB6DE00DF9578 /* Main.storyboard */ = {
			isa = PBXVariantGroup;
			children = (
				1F8161FA230DB6DE00DF9578 /* Base */,
			);
			name = Main.storyboard;
			sourceTree = "<group>";
		};
		1F8161FE230DB6DF00DF9578 /* LaunchScreen.storyboard */ = {
			isa = PBXVariantGroup;
			children = (
				1F8161FF230DB6DF00DF9578 /* Base */,
			);
			name = LaunchScreen.storyboard;
			sourceTree = "<group>";
		};
		1F81622D230DB89700DF9578 /* MainInterface.storyboard */ = {
			isa = PBXVariantGroup;
			children = (
				1F81622E230DB89700DF9578 /* Base */,
			);
			name = MainInterface.storyboard;
			sourceTree = "<group>";
		};
/* End PBXVariantGroup section */

/* Begin XCBuildConfiguration section */
		1F816218230DB6DF00DF9578 /* Debug */ = {
			isa = XCBuildConfiguration;
			buildSettings = {
				ALWAYS_SEARCH_USER_PATHS = NO;
				CLANG_ANALYZER_NONNULL = YES;
				CLANG_ANALYZER_NUMBER_OBJECT_CONVERSION = YES_AGGRESSIVE;
				CLANG_CXX_LANGUAGE_STANDARD = "gnu++14";
				CLANG_CXX_LIBRARY = "libc++";
				CLANG_ENABLE_MODULES = YES;
				CLANG_ENABLE_OBJC_ARC = YES;
				CLANG_ENABLE_OBJC_WEAK = YES;
				CLANG_WARN_BLOCK_CAPTURE_AUTORELEASING = YES;
				CLANG_WARN_BOOL_CONVERSION = YES;
				CLANG_WARN_COMMA = YES;
				CLANG_WARN_CONSTANT_CONVERSION = YES;
				CLANG_WARN_DEPRECATED_OBJC_IMPLEMENTATIONS = YES;
				CLANG_WARN_DIRECT_OBJC_ISA_USAGE = YES_ERROR;
				CLANG_WARN_DOCUMENTATION_COMMENTS = YES;
				CLANG_WARN_EMPTY_BODY = YES;
				CLANG_WARN_ENUM_CONVERSION = YES;
				CLANG_WARN_INFINITE_RECURSION = YES;
				CLANG_WARN_INT_CONVERSION = YES;
				CLANG_WARN_NON_LITERAL_NULL_CONVERSION = YES;
				CLANG_WARN_OBJC_IMPLICIT_RETAIN_SELF = YES;
				CLANG_WARN_OBJC_LITERAL_CONVERSION = YES;
				CLANG_WARN_OBJC_ROOT_CLASS = YES_ERROR;
				CLANG_WARN_QUOTED_INCLUDE_IN_FRAMEWORK_HEADER = YES;
				CLANG_WARN_RANGE_LOOP_ANALYSIS = YES;
				CLANG_WARN_STRICT_PROTOTYPES = YES;
				CLANG_WARN_SUSPICIOUS_MOVE = YES;
				CLANG_WARN_UNGUARDED_AVAILABILITY = YES_AGGRESSIVE;
				CLANG_WARN_UNREACHABLE_CODE = YES;
				CLANG_WARN__DUPLICATE_METHOD_MATCH = YES;
				CODE_SIGN_IDENTITY = "iPhone Developer";
				COPY_PHASE_STRIP = NO;
				DEBUG_INFORMATION_FORMAT = dwarf;
				ENABLE_STRICT_OBJC_MSGSEND = YES;
				ENABLE_TESTABILITY = YES;
				GCC_C_LANGUAGE_STANDARD = gnu11;
				GCC_DYNAMIC_NO_PIC = NO;
				GCC_NO_COMMON_BLOCKS = YES;
				GCC_OPTIMIZATION_LEVEL = 0;
				GCC_PREPROCESSOR_DEFINITIONS = (
					"DEBUG=1",
					"$(inherited)",
				);
				GCC_WARN_64_TO_32_BIT_CONVERSION = YES;
				GCC_WARN_ABOUT_RETURN_TYPE = YES_ERROR;
				GCC_WARN_UNDECLARED_SELECTOR = YES;
				GCC_WARN_UNINITIALIZED_AUTOS = YES_AGGRESSIVE;
				GCC_WARN_UNUSED_FUNCTION = YES;
				GCC_WARN_UNUSED_VARIABLE = YES;
				IPHONEOS_DEPLOYMENT_TARGET = 12.1;
				MTL_ENABLE_DEBUG_INFO = INCLUDE_SOURCE;
				MTL_FAST_MATH = YES;
				ONLY_ACTIVE_ARCH = YES;
				SDKROOT = iphoneos;
				SWIFT_ACTIVE_COMPILATION_CONDITIONS = DEBUG;
				SWIFT_OPTIMIZATION_LEVEL = "-Onone";
			};
			name = Debug;
		};
		1F816219230DB6DF00DF9578 /* Release */ = {
			isa = XCBuildConfiguration;
			buildSettings = {
				ALWAYS_SEARCH_USER_PATHS = NO;
				CLANG_ANALYZER_NONNULL = YES;
				CLANG_ANALYZER_NUMBER_OBJECT_CONVERSION = YES_AGGRESSIVE;
				CLANG_CXX_LANGUAGE_STANDARD = "gnu++14";
				CLANG_CXX_LIBRARY = "libc++";
				CLANG_ENABLE_MODULES = YES;
				CLANG_ENABLE_OBJC_ARC = YES;
				CLANG_ENABLE_OBJC_WEAK = YES;
				CLANG_WARN_BLOCK_CAPTURE_AUTORELEASING = YES;
				CLANG_WARN_BOOL_CONVERSION = YES;
				CLANG_WARN_COMMA = YES;
				CLANG_WARN_CONSTANT_CONVERSION = YES;
				CLANG_WARN_DEPRECATED_OBJC_IMPLEMENTATIONS = YES;
				CLANG_WARN_DIRECT_OBJC_ISA_USAGE = YES_ERROR;
				CLANG_WARN_DOCUMENTATION_COMMENTS = YES;
				CLANG_WARN_EMPTY_BODY = YES;
				CLANG_WARN_ENUM_CONVERSION = YES;
				CLANG_WARN_INFINITE_RECURSION = YES;
				CLANG_WARN_INT_CONVERSION = YES;
				CLANG_WARN_NON_LITERAL_NULL_CONVERSION = YES;
				CLANG_WARN_OBJC_IMPLICIT_RETAIN_SELF = YES;
				CLANG_WARN_OBJC_LITERAL_CONVERSION = YES;
				CLANG_WARN_OBJC_ROOT_CLASS = YES_ERROR;
				CLANG_WARN_QUOTED_INCLUDE_IN_FRAMEWORK_HEADER = YES;
				CLANG_WARN_RANGE_LOOP_ANALYSIS = YES;
				CLANG_WARN_STRICT_PROTOTYPES = YES;
				CLANG_WARN_SUSPICIOUS_MOVE = YES;
				CLANG_WARN_UNGUARDED_AVAILABILITY = YES_AGGRESSIVE;
				CLANG_WARN_UNREACHABLE_CODE = YES;
				CLANG_WARN__DUPLICATE_METHOD_MATCH = YES;
				CODE_SIGN_IDENTITY = "iPhone Developer";
				COPY_PHASE_STRIP = NO;
				DEBUG_INFORMATION_FORMAT = "dwarf-with-dsym";
				ENABLE_NS_ASSERTIONS = NO;
				ENABLE_STRICT_OBJC_MSGSEND = YES;
				GCC_C_LANGUAGE_STANDARD = gnu11;
				GCC_NO_COMMON_BLOCKS = YES;
				GCC_WARN_64_TO_32_BIT_CONVERSION = YES;
				GCC_WARN_ABOUT_RETURN_TYPE = YES_ERROR;
				GCC_WARN_UNDECLARED_SELECTOR = YES;
				GCC_WARN_UNINITIALIZED_AUTOS = YES_AGGRESSIVE;
				GCC_WARN_UNUSED_FUNCTION = YES;
				GCC_WARN_UNUSED_VARIABLE = YES;
				IPHONEOS_DEPLOYMENT_TARGET = 12.1;
				MTL_ENABLE_DEBUG_INFO = NO;
				MTL_FAST_MATH = YES;
				SDKROOT = iphoneos;
				SWIFT_COMPILATION_MODE = wholemodule;
				SWIFT_OPTIMIZATION_LEVEL = "-O";
				VALIDATE_PRODUCT = YES;
			};
			name = Release;
		};
		1F81621B230DB6DF00DF9578 /* Debug */ = {
			isa = XCBuildConfiguration;
			baseConfigurationReference = B2AAA3A3395CF0372E54CA1B /* Pods-JOTA.debug.xcconfig */;
			buildSettings = {
				ALWAYS_EMBED_SWIFT_STANDARD_LIBRARIES = YES;
				ASSETCATALOG_COMPILER_APPICON_NAME = AppIcon;
				CODE_SIGN_ENTITLEMENTS = JOTA/JOTA.entitlements;
				CODE_SIGN_STYLE = Automatic;
				CURRENT_PROJECT_VERSION = 7;
				DEVELOPMENT_TEAM = 45A594478C;
				INFOPLIST_FILE = "$(SRCROOT)/JOTA/Info.plist";
				IPHONEOS_DEPLOYMENT_TARGET = 13.0;
				LD_RUNPATH_SEARCH_PATHS = (
					"$(inherited)",
					"@executable_path/Frameworks",
				);
				MARKETING_VERSION = 1.0.7;
				PRODUCT_BUNDLE_IDENTIFIER = dev.jeffchen.JOTA;
				PRODUCT_NAME = "$(TARGET_NAME)";
				SUPPORTS_MACCATALYST = NO;
				SWIFT_VERSION = 5.0;
				TARGETED_DEVICE_FAMILY = "1,2";
			};
			name = Debug;
		};
		1F81621C230DB6DF00DF9578 /* Release */ = {
			isa = XCBuildConfiguration;
			baseConfigurationReference = 0F9F6EE399A790CB4D47F20A /* Pods-JOTA.release.xcconfig */;
			buildSettings = {
				ALWAYS_EMBED_SWIFT_STANDARD_LIBRARIES = YES;
				ASSETCATALOG_COMPILER_APPICON_NAME = AppIcon;
				CODE_SIGN_ENTITLEMENTS = JOTA/JOTA.entitlements;
				CODE_SIGN_STYLE = Automatic;
				CURRENT_PROJECT_VERSION = 7;
				DEVELOPMENT_TEAM = 45A594478C;
				INFOPLIST_FILE = "$(SRCROOT)/JOTA/Info.plist";
				IPHONEOS_DEPLOYMENT_TARGET = 13.0;
				LD_RUNPATH_SEARCH_PATHS = (
					"$(inherited)",
					"@executable_path/Frameworks",
				);
				MARKETING_VERSION = 1.0.7;
				PRODUCT_BUNDLE_IDENTIFIER = dev.jeffchen.JOTA;
				PRODUCT_NAME = "$(TARGET_NAME)";
				SUPPORTS_MACCATALYST = NO;
				SWIFT_VERSION = 5.0;
				TARGETED_DEVICE_FAMILY = "1,2";
			};
			name = Release;
		};
		1F81621E230DB6DF00DF9578 /* Debug */ = {
			isa = XCBuildConfiguration;
			baseConfigurationReference = AB33F0A814D2649C8073F793 /* Pods-JOTATests.debug.xcconfig */;
			buildSettings = {
				ALWAYS_EMBED_SWIFT_STANDARD_LIBRARIES = YES;
				BUNDLE_LOADER = "$(TEST_HOST)";
				CODE_SIGN_STYLE = Automatic;
				DEVELOPMENT_TEAM = 45A594478C;
				INFOPLIST_FILE = JOTATests/Info.plist;
				LD_RUNPATH_SEARCH_PATHS = (
					"$(inherited)",
					"@executable_path/Frameworks",
					"@loader_path/Frameworks",
				);
				PRODUCT_BUNDLE_IDENTIFIER = dev.jeffchen.JOTATests;
				PRODUCT_NAME = "$(TARGET_NAME)";
				SWIFT_VERSION = 5.0;
				TARGETED_DEVICE_FAMILY = "1,2";
				TEST_HOST = "$(BUILT_PRODUCTS_DIR)/JOTA.app/JOTA";
			};
			name = Debug;
		};
		1F81621F230DB6DF00DF9578 /* Release */ = {
			isa = XCBuildConfiguration;
			baseConfigurationReference = B39BA2345BAB38B25A3CB78E /* Pods-JOTATests.release.xcconfig */;
			buildSettings = {
				ALWAYS_EMBED_SWIFT_STANDARD_LIBRARIES = YES;
				BUNDLE_LOADER = "$(TEST_HOST)";
				CODE_SIGN_STYLE = Automatic;
				DEVELOPMENT_TEAM = 45A594478C;
				INFOPLIST_FILE = JOTATests/Info.plist;
				LD_RUNPATH_SEARCH_PATHS = (
					"$(inherited)",
					"@executable_path/Frameworks",
					"@loader_path/Frameworks",
				);
				PRODUCT_BUNDLE_IDENTIFIER = dev.jeffchen.JOTATests;
				PRODUCT_NAME = "$(TARGET_NAME)";
				SWIFT_VERSION = 5.0;
				TARGETED_DEVICE_FAMILY = "1,2";
				TEST_HOST = "$(BUILT_PRODUCTS_DIR)/JOTA.app/JOTA";
			};
			name = Release;
		};
		1F816221230DB6DF00DF9578 /* Debug */ = {
			isa = XCBuildConfiguration;
			baseConfigurationReference = AF66DF6161D92D796B02BE1E /* Pods-JOTAUITests.debug.xcconfig */;
			buildSettings = {
				ALWAYS_EMBED_SWIFT_STANDARD_LIBRARIES = YES;
				CODE_SIGN_STYLE = Automatic;
				DEVELOPMENT_TEAM = 45A594478C;
				INFOPLIST_FILE = JOTAUITests/Info.plist;
				LD_RUNPATH_SEARCH_PATHS = (
					"$(inherited)",
					"@executable_path/Frameworks",
					"@loader_path/Frameworks",
				);
				PRODUCT_BUNDLE_IDENTIFIER = dev.jeffchen.JOTAUITests;
				PRODUCT_NAME = "$(TARGET_NAME)";
				SWIFT_VERSION = 5.0;
				TARGETED_DEVICE_FAMILY = "1,2";
				TEST_TARGET_NAME = JOTA;
			};
			name = Debug;
		};
		1F816222230DB6DF00DF9578 /* Release */ = {
			isa = XCBuildConfiguration;
			baseConfigurationReference = 57FDC54AA351157D630A5297 /* Pods-JOTAUITests.release.xcconfig */;
			buildSettings = {
				ALWAYS_EMBED_SWIFT_STANDARD_LIBRARIES = YES;
				CODE_SIGN_STYLE = Automatic;
				DEVELOPMENT_TEAM = 45A594478C;
				INFOPLIST_FILE = JOTAUITests/Info.plist;
				LD_RUNPATH_SEARCH_PATHS = (
					"$(inherited)",
					"@executable_path/Frameworks",
					"@loader_path/Frameworks",
				);
				PRODUCT_BUNDLE_IDENTIFIER = dev.jeffchen.JOTAUITests;
				PRODUCT_NAME = "$(TARGET_NAME)";
				SWIFT_VERSION = 5.0;
				TARGETED_DEVICE_FAMILY = "1,2";
				TEST_TARGET_NAME = JOTA;
			};
			name = Release;
		};
		1F816235230DB89700DF9578 /* Debug */ = {
			isa = XCBuildConfiguration;
			baseConfigurationReference = 6FBA3ED8305AEDECBC1E4DCA /* Pods-OTPAutoFill.debug.xcconfig */;
			buildSettings = {
				ASSETCATALOG_COMPILER_APPICON_NAME = AppIcon;
				CODE_SIGN_ENTITLEMENTS = OTPAutoFill/OTPAutoFill.entitlements;
				CODE_SIGN_STYLE = Automatic;
				CURRENT_PROJECT_VERSION = 7;
				DEVELOPMENT_TEAM = 45A594478C;
				INFOPLIST_FILE = OTPAutoFill/Info.plist;
				LD_RUNPATH_SEARCH_PATHS = (
					"$(inherited)",
					"@executable_path/Frameworks",
					"@executable_path/../../Frameworks",
				);
				MARKETING_VERSION = 1.0.7;
				PRODUCT_BUNDLE_IDENTIFIER = dev.jeffchen.JOTA.OTPAutoFill;
				PRODUCT_NAME = "$(TARGET_NAME)";
				SKIP_INSTALL = YES;
				SUPPORTS_MACCATALYST = NO;
				SWIFT_VERSION = 5.0;
				TARGETED_DEVICE_FAMILY = "1,2";
			};
			name = Debug;
		};
		1F816236230DB89700DF9578 /* Release */ = {
			isa = XCBuildConfiguration;
			baseConfigurationReference = 084EDF0844096FB670C4283E /* Pods-OTPAutoFill.release.xcconfig */;
			buildSettings = {
				ASSETCATALOG_COMPILER_APPICON_NAME = AppIcon;
				CODE_SIGN_ENTITLEMENTS = OTPAutoFill/OTPAutoFill.entitlements;
				CODE_SIGN_STYLE = Automatic;
				CURRENT_PROJECT_VERSION = 7;
				DEVELOPMENT_TEAM = 45A594478C;
				INFOPLIST_FILE = OTPAutoFill/Info.plist;
				LD_RUNPATH_SEARCH_PATHS = (
					"$(inherited)",
					"@executable_path/Frameworks",
					"@executable_path/../../Frameworks",
				);
				MARKETING_VERSION = 1.0.7;
				PRODUCT_BUNDLE_IDENTIFIER = dev.jeffchen.JOTA.OTPAutoFill;
				PRODUCT_NAME = "$(TARGET_NAME)";
				SKIP_INSTALL = YES;
				SUPPORTS_MACCATALYST = NO;
				SWIFT_VERSION = 5.0;
				TARGETED_DEVICE_FAMILY = "1,2";
			};
			name = Release;
		};
		8729C6EB26C453B4006970C9 /* Debug */ = {
			isa = XCBuildConfiguration;
			baseConfigurationReference = 05B0B1A756D6772FB4AACB0F /* Pods-JOTA-macOS.debug.xcconfig */;
			buildSettings = {
				ASSETCATALOG_COMPILER_APPICON_NAME = AppIcon;
				ASSETCATALOG_COMPILER_GLOBAL_ACCENT_COLOR_NAME = AccentColor;
				CLANG_WARN_QUOTED_INCLUDE_IN_FRAMEWORK_HEADER = YES;
				CODE_SIGN_ENTITLEMENTS = "JOTA-macOS/JOTA_macOS.entitlements";
				CODE_SIGN_IDENTITY = "-";
				"CODE_SIGN_IDENTITY[sdk=macosx*]" = "Apple Development";
				CODE_SIGN_STYLE = Automatic;
				COMBINE_HIDPI_IMAGES = YES;
				CURRENT_PROJECT_VERSION = 6;
				DEAD_CODE_STRIPPING = YES;
				DEVELOPMENT_ASSET_PATHS = "\"JOTA-macOS/Preview Content\"";
				DEVELOPMENT_TEAM = 45A594478C;
				ENABLE_HARDENED_RUNTIME = YES;
				ENABLE_PREVIEWS = YES;
				INFOPLIST_FILE = "JOTA-macOS/Info.plist";
				LD_RUNPATH_SEARCH_PATHS = (
					"$(inherited)",
					"@executable_path/../Frameworks",
				);
				MACOSX_DEPLOYMENT_TARGET = 11.3;
				MARKETING_VERSION = 1.0.6;
				PRODUCT_BUNDLE_IDENTIFIER = "dev.jeffchen.JOTA-macOS";
				PRODUCT_NAME = "$(TARGET_NAME)";
				SDKROOT = macosx;
				SWIFT_VERSION = 5.0;
			};
			name = Debug;
		};
		8729C6EC26C453B4006970C9 /* Release */ = {
			isa = XCBuildConfiguration;
			baseConfigurationReference = 4362760D270A0CB32B351DAA /* Pods-JOTA-macOS.release.xcconfig */;
			buildSettings = {
				ASSETCATALOG_COMPILER_APPICON_NAME = AppIcon;
				ASSETCATALOG_COMPILER_GLOBAL_ACCENT_COLOR_NAME = AccentColor;
				CLANG_WARN_QUOTED_INCLUDE_IN_FRAMEWORK_HEADER = YES;
				CODE_SIGN_ENTITLEMENTS = "JOTA-macOS/JOTA_macOS.entitlements";
				CODE_SIGN_IDENTITY = "-";
				"CODE_SIGN_IDENTITY[sdk=macosx*]" = "Apple Development";
				CODE_SIGN_STYLE = Automatic;
				COMBINE_HIDPI_IMAGES = YES;
				CURRENT_PROJECT_VERSION = 6;
				DEAD_CODE_STRIPPING = YES;
				DEVELOPMENT_ASSET_PATHS = "\"JOTA-macOS/Preview Content\"";
				DEVELOPMENT_TEAM = 45A594478C;
				ENABLE_HARDENED_RUNTIME = YES;
				ENABLE_PREVIEWS = YES;
				INFOPLIST_FILE = "JOTA-macOS/Info.plist";
				LD_RUNPATH_SEARCH_PATHS = (
					"$(inherited)",
					"@executable_path/../Frameworks",
				);
				MACOSX_DEPLOYMENT_TARGET = 11.3;
				MARKETING_VERSION = 1.0.6;
				PRODUCT_BUNDLE_IDENTIFIER = "dev.jeffchen.JOTA-macOS";
				PRODUCT_NAME = "$(TARGET_NAME)";
				SDKROOT = macosx;
				SWIFT_VERSION = 5.0;
			};
			name = Release;
		};
/* End XCBuildConfiguration section */

/* Begin XCConfigurationList section */
		1F8161ED230DB6DE00DF9578 /* Build configuration list for PBXProject "JOTA" */ = {
			isa = XCConfigurationList;
			buildConfigurations = (
				1F816218230DB6DF00DF9578 /* Debug */,
				1F816219230DB6DF00DF9578 /* Release */,
			);
			defaultConfigurationIsVisible = 0;
			defaultConfigurationName = Release;
		};
		1F81621A230DB6DF00DF9578 /* Build configuration list for PBXNativeTarget "JOTA" */ = {
			isa = XCConfigurationList;
			buildConfigurations = (
				1F81621B230DB6DF00DF9578 /* Debug */,
				1F81621C230DB6DF00DF9578 /* Release */,
			);
			defaultConfigurationIsVisible = 0;
			defaultConfigurationName = Release;
		};
		1F81621D230DB6DF00DF9578 /* Build configuration list for PBXNativeTarget "JOTATests" */ = {
			isa = XCConfigurationList;
			buildConfigurations = (
				1F81621E230DB6DF00DF9578 /* Debug */,
				1F81621F230DB6DF00DF9578 /* Release */,
			);
			defaultConfigurationIsVisible = 0;
			defaultConfigurationName = Release;
		};
		1F816220230DB6DF00DF9578 /* Build configuration list for PBXNativeTarget "JOTAUITests" */ = {
			isa = XCConfigurationList;
			buildConfigurations = (
				1F816221230DB6DF00DF9578 /* Debug */,
				1F816222230DB6DF00DF9578 /* Release */,
			);
			defaultConfigurationIsVisible = 0;
			defaultConfigurationName = Release;
		};
		1F816234230DB89700DF9578 /* Build configuration list for PBXNativeTarget "OTPAutoFill" */ = {
			isa = XCConfigurationList;
			buildConfigurations = (
				1F816235230DB89700DF9578 /* Debug */,
				1F816236230DB89700DF9578 /* Release */,
			);
			defaultConfigurationIsVisible = 0;
			defaultConfigurationName = Release;
		};
		8729C6EA26C453B4006970C9 /* Build configuration list for PBXNativeTarget "JOTA-macOS" */ = {
			isa = XCConfigurationList;
			buildConfigurations = (
				8729C6EB26C453B4006970C9 /* Debug */,
				8729C6EC26C453B4006970C9 /* Release */,
			);
			defaultConfigurationIsVisible = 0;
			defaultConfigurationName = Release;
		};
/* End XCConfigurationList section */
	};
	rootObject = 1F8161EA230DB6DE00DF9578 /* Project object */;
}
