PODS:
  - CryptoSwift (1.4.0)
  - KeychainAccess (4.2.2)
  - SwiftOTP (2.0.3):
    - CryptoSwift (>= 1.0.0)
  - Toaster (2.3.0)

DEPENDENCIES:
  - KeychainAccess
  - SwiftOTP
  - Toaster

SPEC REPOS:
  trunk:
    - CryptoSwift
    - KeychainAccess
    - SwiftOTP
    - Toaster

SPEC CHECKSUMS:
  CryptoSwift: 7cc902df1784de3b389a387756c7d710f197730c
  KeychainAccess: c0c4f7f38f6fc7bbe58f5702e25f7bd2f65abf51
  SwiftOTP: ce98ded1ab42e4e66c39228fcad6b0c07b98e494
  Toaster: c3473963c78e8cabbf6ea6f11ad0fdaae6f54987

PODFILE CHECKSUM: 3761e8224089e02670c5b64214e21b91aa2ef5f2

COCOAPODS: 1.10.1
