PODS:
  - CryptoSwift (1.0.0)
  - SwiftOTP (1.0.0):
    - CryptoSwift (>= 0.10.0)
  - Toaster (2.2.0)

DEPENDENCIES:
  - SwiftOTP
  - Toaster

SPEC REPOS:
  https://github.com/cocoapods/specs.git:
    - CryptoSwift
    - SwiftOTP
    - Toaster

SPEC CHECKSUMS:
  CryptoSwift: d81eeaa59dc5a8d03720fe919a6fd07b51f7439f
  SwiftOTP: c3deebbc468b33fab479bb494d93eb5fb41ba3ed
  Toaster: c1a81b376edcc2470157b4d1ee1e9341d3b96455

PODFILE CHECKSUM: 02d4402443f4f97bae72d780b265c085c9bb1319

COCOAPODS: 1.7.5
